
Microsoft Visual Studio Solution File, Format Version 12.00
# Visual Studio 15
VisualStudioVersion = 15.0.28307.572
MinimumVisualStudioVersion = 10.0.40219.1
Project("{8BC9CEB8-8B4A-11D0-8D11-00A0C91BC942}") = "Calculator", "Calculator.vcxproj", "{1655BB47-3E15-45A7-B3EA-B5C26B8CF1DB}"
EndProject
Global
	GlobalSection(SolutionConfigurationPlatforms) = preSolution
		Debug|x64 = Debug|x64
		Debug|x86 = Debug|x86
		Release|x64 = Release|x64
		Release|x86 = Release|x86
	EndGlobalSection
	GlobalSection(ProjectConfigurationPlatforms) = postSolution
		{1655BB47-3E15-45A7-B3EA-B5C26B8CF1DB}.Debug|x64.ActiveCfg = Debug|x64
		{1655BB47-3E15-45A7-B3EA-B5C26B8CF1DB}.Debug|x64.Build.0 = Debug|x64
		{1655BB47-3E15-45A7-B3EA-B5C26B8CF1DB}.Debug|x86.ActiveCfg = Debug|Win32
		{1655BB47-3E15-45A7-B3EA-B5C26B8CF1DB}.Debug|x86.Build.0 = Debug|Win32
		{1655BB47-3E15-45A7-B3EA-B5C26B8CF1DB}.Release|x64.ActiveCfg = Release|x64
		{1655BB47-3E15-45A7-B3EA-B5C26B8CF1DB}.Release|x64.Build.0 = Release|x64
		{1655BB47-3E15-45A7-B3EA-B5C26B8CF1DB}.Release|x86.ActiveCfg = Release|Win32
		{1655BB47-3E15-45A7-B3EA-B5C26B8CF1DB}.Release|x86.Build.0 = Release|Win32
	EndGlobalSection
	GlobalSection(SolutionProperties) = preSolution
		HideSolutionNode = FALSE
	EndGlobalSection
	GlobalSection(ExtensibilityGlobals) = postSolution
		SolutionGuid = {8AEEAE6C-AEEB-4E86-9916-8CAFB29EE680}
	EndGlobalSection
EndGlobal
